
Microsoft Visual Studio Solution File, Format Version 12.00
# Visual Studio Version 17
VisualStudioVersion = 17.10.34928.147
MinimumVisualStudioVersion = 10.0.40219.1
Project("{9A19103F-16F7-4668-BE54-9A1E7A4F7556}") = "PinPinServer", "IdentityJWT\PinPinServer.csproj", "{C4A1B4FA-42F5-4AEE-AF94-4FCEDFB13AC3}"
EndProject
Project("{9A19103F-16F7-4668-BE54-9A1E7A4F7556}") = "PinPinClient", "RegisterLoginClient\PinPinClient.csproj", "{0ACC22C1-F3E6-4165-B6DD-AB6085A9C703}"
EndProject
Global
	GlobalSection(SolutionConfigurationPlatforms) = preSolution
		Debug|Any CPU = Debug|Any CPU
		Release|Any CPU = Release|Any CPU
	EndGlobalSection
	GlobalSection(ProjectConfigurationPlatforms) = postSolution
		{C4A1B4FA-42F5-4AEE-AF94-4FCEDFB13AC3}.Debug|Any CPU.ActiveCfg = Debug|Any CPU
		{C4A1B4FA-42F5-4AEE-AF94-4FCEDFB13AC3}.Debug|Any CPU.Build.0 = Debug|Any CPU
		{C4A1B4FA-42F5-4AEE-AF94-4FCEDFB13AC3}.Release|Any CPU.ActiveCfg = Release|Any CPU
		{C4A1B4FA-42F5-4AEE-AF94-4FCEDFB13AC3}.Release|Any CPU.Build.0 = Release|Any CPU
		{0ACC22C1-F3E6-4165-B6DD-AB6085A9C703}.Debug|Any CPU.ActiveCfg = Debug|Any CPU
		{0ACC22C1-F3E6-4165-B6DD-AB6085A9C703}.Debug|Any CPU.Build.0 = Debug|Any CPU
		{0ACC22C1-F3E6-4165-B6DD-AB6085A9C703}.Release|Any CPU.ActiveCfg = Release|Any CPU
		{0ACC22C1-F3E6-4165-B6DD-AB6085A9C703}.Release|Any CPU.Build.0 = Release|Any CPU
	EndGlobalSection
	GlobalSection(SolutionProperties) = preSolution
		HideSolutionNode = FALSE
	EndGlobalSection
	GlobalSection(ExtensibilityGlobals) = postSolution
		SolutionGuid = {B7120522-3EDE-4585-A9F5-8146CFB5D8DA}
	EndGlobalSection
EndGlobal
